
Microsoft Visual Studio Solution File, Format Version 12.00
# Visual Studio Version 17
VisualStudioVersion = 17.4.33213.308
MinimumVisualStudioVersion = 10.0.40219.1
Project("{9A19103F-16F7-4668-BE54-9A1E7A4F7556}") = "DMS.Application", "DMS.Application\DMS.Application.csproj", "{2D26623D-9E9C-42D0-924A-6B47AC336EF9}"
EndProject
Project("{9A19103F-16F7-4668-BE54-9A1E7A4F7556}") = "DMS.Domain", "DMS.Domain\DMS.Domain.csproj", "{BE83474B-C983-4AD7-A450-1FBD4E63D53D}"
EndProject
Project("{9A19103F-16F7-4668-BE54-9A1E7A4F7556}") = "DMS.Infrastructure", "DMS.Infrastructure\DMS.Infrastructure.csproj", "{0FDCD38C-AA3D-444E-B80B-370E92C2A4FD}"
EndProject
Project("{9A19103F-16F7-4668-BE54-9A1E7A4F7556}") = "DMS.Web", "DMS.Web\DMS.Web.csproj", "{66CA63CA-3F46-435A-B657-5AD2196332DD}"
EndProject
Global
	GlobalSection(SolutionConfigurationPlatforms) = preSolution
		Debug|Any CPU = Debug|Any CPU
		Release|Any CPU = Release|Any CPU
	EndGlobalSection
	GlobalSection(ProjectConfigurationPlatforms) = postSolution
		{2D26623D-9E9C-42D0-924A-6B47AC336EF9}.Debug|Any CPU.ActiveCfg = Debug|Any CPU
		{2D26623D-9E9C-42D0-924A-6B47AC336EF9}.Debug|Any CPU.Build.0 = Debug|Any CPU
		{2D26623D-9E9C-42D0-924A-6B47AC336EF9}.Release|Any CPU.ActiveCfg = Release|Any CPU
		{2D26623D-9E9C-42D0-924A-6B47AC336EF9}.Release|Any CPU.Build.0 = Release|Any CPU
		{BE83474B-C983-4AD7-A450-1FBD4E63D53D}.Debug|Any CPU.ActiveCfg = Debug|Any CPU
		{BE83474B-C983-4AD7-A450-1FBD4E63D53D}.Debug|Any CPU.Build.0 = Debug|Any CPU
		{BE83474B-C983-4AD7-A450-1FBD4E63D53D}.Release|Any CPU.ActiveCfg = Release|Any CPU
		{BE83474B-C983-4AD7-A450-1FBD4E63D53D}.Release|Any CPU.Build.0 = Release|Any CPU
		{0FDCD38C-AA3D-444E-B80B-370E92C2A4FD}.Debug|Any CPU.ActiveCfg = Debug|Any CPU
		{0FDCD38C-AA3D-444E-B80B-370E92C2A4FD}.Debug|Any CPU.Build.0 = Debug|Any CPU
		{0FDCD38C-AA3D-444E-B80B-370E92C2A4FD}.Release|Any CPU.ActiveCfg = Release|Any CPU
		{0FDCD38C-AA3D-444E-B80B-370E92C2A4FD}.Release|Any CPU.Build.0 = Release|Any CPU
		{66CA63CA-3F46-435A-B657-5AD2196332DD}.Debug|Any CPU.ActiveCfg = Debug|Any CPU
		{66CA63CA-3F46-435A-B657-5AD2196332DD}.Debug|Any CPU.Build.0 = Debug|Any CPU
		{66CA63CA-3F46-435A-B657-5AD2196332DD}.Release|Any CPU.ActiveCfg = Release|Any CPU
		{66CA63CA-3F46-435A-B657-5AD2196332DD}.Release|Any CPU.Build.0 = Release|Any CPU
	EndGlobalSection
	GlobalSection(SolutionProperties) = preSolution
		HideSolutionNode = FALSE
	EndGlobalSection
	GlobalSection(ExtensibilityGlobals) = postSolution
		SolutionGuid = {55BDD54D-3642-4490-BFF8-6C6D44381AEB}
	EndGlobalSection
EndGlobal
